
Microsoft Visual Studio Solution File, Format Version 12.00
# Visual Studio Version 16
VisualStudioVersion = 16.0.30413.136
MinimumVisualStudioVersion = 10.0.40219.1
Project("{FAE04EC0-301F-11D3-BF4B-00C04F79EFBC}") = "Forms", "Forms.csproj", "{B7D25613-D806-4358-9416-B8C79DC98911}"
EndProject
Global
	GlobalSection(SolutionConfigurationPlatforms) = preSolution
		Debug|Any CPU = Debug|Any CPU
		Release|Any CPU = Release|Any CPU
	EndGlobalSection
	GlobalSection(ProjectConfigurationPlatforms) = postSolution
		{B7D25613-D806-4358-9416-B8C79DC98911}.Debug|Any CPU.ActiveCfg = Debug|Any CPU
		{B7D25613-D806-4358-9416-B8C79DC98911}.Debug|Any CPU.Build.0 = Debug|Any CPU
		{B7D25613-D806-4358-9416-B8C79DC98911}.Release|Any CPU.ActiveCfg = Release|Any CPU
		{B7D25613-D806-4358-9416-B8C79DC98911}.Release|Any CPU.Build.0 = Release|Any CPU
	EndGlobalSection
	GlobalSection(SolutionProperties) = preSolution
		HideSolutionNode = FALSE
	EndGlobalSection
	GlobalSection(ExtensibilityGlobals) = postSolution
		SolutionGuid = {A441302B-C2D9-4F8F-A3B7-61D006B3EDF2}
	EndGlobalSection
EndGlobal
